
Microsoft Visual Studio Solution File, Format Version 12.00
# Visual Studio Version 17
VisualStudioVersion = 17.10.35122.118
MinimumVisualStudioVersion = 10.0.40219.1
Project("{9A19103F-16F7-4668-BE54-9A1E7A4F7556}") = "ArcheryAlley", "ArcheryAlley.csproj", "{1FE46020-697A-4770-A441-DBEB25E9FB4E}"
EndProject
Global
	GlobalSection(SolutionConfigurationPlatforms) = preSolution
		Debug|Any CPU = Debug|Any CPU
		Release|Any CPU = Release|Any CPU
	EndGlobalSection
	GlobalSection(ProjectConfigurationPlatforms) = postSolution
		{1FE46020-697A-4770-A441-DBEB25E9FB4E}.Debug|Any CPU.ActiveCfg = Debug|Any CPU
		{1FE46020-697A-4770-A441-DBEB25E9FB4E}.Debug|Any CPU.Build.0 = Debug|Any CPU
		{1FE46020-697A-4770-A441-DBEB25E9FB4E}.Release|Any CPU.ActiveCfg = Release|Any CPU
		{1FE46020-697A-4770-A441-DBEB25E9FB4E}.Release|Any CPU.Build.0 = Release|Any CPU
	EndGlobalSection
	GlobalSection(SolutionProperties) = preSolution
		HideSolutionNode = FALSE
	EndGlobalSection
	GlobalSection(ExtensibilityGlobals) = postSolution
		SolutionGuid = {7D070092-3E29-451B-A493-C06E623E8237}
	EndGlobalSection
EndGlobal
